<?xml version="1.0" encoding="utf-8"?>
<Project ToolsVersion="4.0" xmlns="http://schemas.microsoft.com/developer/msbuild/2003">
  <ItemGroup>
    <Filter Include="Sources">
      <UniqueIdentifier>{8b7ed093-66ce-4096-96d2-fbb9faa4bf52}</UniqueIdentifier>
    </Filter>
    <Filter Include="Sources\Containers">
      <UniqueIdentifier>{afc36133-f401-499a-aa33-0da1e500fb52}</UniqueIdentifier>
    </Filter>
    <Filter Include="Sources\Tools">
      <UniqueIdentifier>{7e4dfaf7-022c-4f7d-92aa-f3b3fa9d6248}</UniqueIdentifier>
    </Filter>
    <Filter Include="Sources\Helpers">
      <UniqueIdentifier>{121f8e6b-df36-4ab0-be0d-601ddfc9e503}</UniqueIdentifier>
    </Filter>
    <Filter Include="Dependences">
      <UniqueIdentifier>{5626f9f7-a11e-42a9-9d90-46dc9a50955e}</UniqueIdentifier>
    </Filter>
    <Filter Include="Dependences\Glew">
      <UniqueIdentifier>{4f4be507-bb6c-4556-ac86-ca524d8fd714}</UniqueIdentifier>
    </Filter>
    <Filter Include="Dependences\MathGeoLib">
      <UniqueIdentifier>{cdac3936-b0c2-4355-8113-70e7b1a48066}</UniqueIdentifier>
    </Filter>
    <Filter Include="Dependences\MathGeoLib\Algorithm">
      <UniqueIdentifier>{5f3137c4-b416-42cd-852a-8b01e1f6a69c}</UniqueIdentifier>
    </Filter>
    <Filter Include="Dependences\MathGeoLib\Algorithm\Random">
      <UniqueIdentifier>{11b399bd-1a1b-45f0-b033-6240b055d319}</UniqueIdentifier>
    </Filter>
    <Filter Include="Dependences\MathGeoLib\Math">
      <UniqueIdentifier>{6ab2be57-1d9b-416f-b555-699a3e37b236}</UniqueIdentifier>
    </Filter>
    <Filter Include="Dependences\MathGeoLib\Time">
      <UniqueIdentifier>{d5918bd1-b183-4b22-8f46-50b985700cd8}</UniqueIdentifier>
    </Filter>
    <Filter Include="Dependences\MathGeoLib\Geometry">
      <UniqueIdentifier>{adc6a84c-a9d8-4748-b97c-9383a29c2f23}</UniqueIdentifier>
    </Filter>
    <Filter Include="Dependences\ImGui">
      <UniqueIdentifier>{0fcd14be-5997-4a65-a68a-1797901340dd}</UniqueIdentifier>
    </Filter>
    <Filter Include="Sources\1. Modules">
      <UniqueIdentifier>{7b418be2-1631-4a31-9ef2-8a8b234a7339}</UniqueIdentifier>
    </Filter>
    <Filter Include="Sources\1. Modules\Game">
      <UniqueIdentifier>{83f46af7-e02f-40c0-9e56-41d76082527b}</UniqueIdentifier>
    </Filter>
    <Filter Include="Sources\0. Core">
      <UniqueIdentifier>{bc618359-6873-4c5d-adc0-f8161dd54227}</UniqueIdentifier>
    </Filter>
    <Filter Include="Sources\2. Editor">
      <UniqueIdentifier>{be0b53fb-282c-48ad-864f-cc4cb9336c17}</UniqueIdentifier>
    </Filter>
    <Filter Include="Sources\Tools\Includes">
      <UniqueIdentifier>{c4ea0b64-db7f-4b46-8830-cc1e02dca21c}</UniqueIdentifier>
    </Filter>
    <Filter Include="Dependences\parson">
      <UniqueIdentifier>{a717e352-a178-42ef-8910-ad6ee6b85262}</UniqueIdentifier>
    </Filter>
    <Filter Include="Sources\3. Importers">
      <UniqueIdentifier>{41c82439-5b26-4b88-a7db-b8a2e74121df}</UniqueIdentifier>
    </Filter>
    <Filter Include="Dependences\DevIL">
      <UniqueIdentifier>{eeeec3a7-551a-4ad0-8946-98b755d0152e}</UniqueIdentifier>
    </Filter>
  </ItemGroup>
  <ItemGroup>
    <ClInclude Include="Source\Timer.h">
      <Filter>Sources\Tools</Filter>
    </ClInclude>
    <ClInclude Include="Source\ModuleSceneIntro.h">
      <Filter>Sources\1. Modules\Game</Filter>
    </ClInclude>
    <ClInclude Include="Source\Module.h">
      <Filter>Sources\1. Modules</Filter>
    </ClInclude>
    <ClInclude Include="Source\ModuleCamera3D.h">
      <Filter>Sources\1. Modules</Filter>
    </ClInclude>
    <ClInclude Include="Source\ModuleInput.h">
      <Filter>Sources\1. Modules</Filter>
    </ClInclude>
    <ClInclude Include="Source\ModuleRenderer3D.h">
      <Filter>Sources\1. Modules</Filter>
    </ClInclude>
    <ClInclude Include="Source\ModuleWindow.h">
      <Filter>Sources\1. Modules</Filter>
    </ClInclude>
    <ClInclude Include="Source\Light.h">
      <Filter>Sources\Helpers</Filter>
    </ClInclude>
    <ClInclude Include="Source\Primitive.h">
      <Filter>Sources\Helpers</Filter>
    </ClInclude>
    <ClInclude Include="Source\Color.h">
      <Filter>Sources\Containers</Filter>
    </ClInclude>
    <ClInclude Include="Source\glmath.h">
      <Filter>Sources\Containers</Filter>
    </ClInclude>
    <ClInclude Include="Source\External\Glew\include\eglew.h">
      <Filter>Dependences\Glew</Filter>
    </ClInclude>
    <ClInclude Include="Source\External\Glew\include\glew.h">
      <Filter>Dependences\Glew</Filter>
    </ClInclude>
    <ClInclude Include="Source\External\Glew\include\glxew.h">
      <Filter>Dependences\Glew</Filter>
    </ClInclude>
    <ClInclude Include="Source\External\Glew\include\wglew.h">
      <Filter>Dependences\Glew</Filter>
    </ClInclude>
    <ClInclude Include="Source\ModuleEditor.h">
      <Filter>Sources\1. Modules</Filter>
    </ClInclude>
    <ClInclude Include="Source\External\MathGeoLib\include\MathBuildConfig.h">
      <Filter>Dependences\MathGeoLib</Filter>
    </ClInclude>
    <ClInclude Include="Source\External\MathGeoLib\include\MathGeoLib.h">
      <Filter>Dependences\MathGeoLib</Filter>
    </ClInclude>
    <ClInclude Include="Source\External\MathGeoLib\include\MathGeoLibFwd.h">
      <Filter>Dependences\MathGeoLib</Filter>
    </ClInclude>
    <ClInclude Include="Source\External\MathGeoLib\include\Algorithm\GJK.h">
      <Filter>Dependences\MathGeoLib\Algorithm</Filter>
    </ClInclude>
    <ClInclude Include="Source\External\MathGeoLib\include\Algorithm\GJK2D.h">
      <Filter>Dependences\MathGeoLib\Algorithm</Filter>
    </ClInclude>
    <ClInclude Include="Source\External\MathGeoLib\include\Algorithm\SAT.h">
      <Filter>Dependences\MathGeoLib\Algorithm</Filter>
    </ClInclude>
    <ClInclude Include="Source\External\MathGeoLib\include\Algorithm\Random\LCG.h">
      <Filter>Dependences\MathGeoLib\Algorithm\Random</Filter>
    </ClInclude>
    <ClInclude Include="Source\External\MathGeoLib\include\Math\assume.h">
      <Filter>Dependences\MathGeoLib\Math</Filter>
    </ClInclude>
    <ClInclude Include="Source\External\MathGeoLib\include\Math\BitFuncs.h">
      <Filter>Dependences\MathGeoLib\Math</Filter>
    </ClInclude>
    <ClInclude Include="Source\External\MathGeoLib\include\Math\BitOps.h">
      <Filter>Dependences\MathGeoLib\Math</Filter>
    </ClInclude>
    <ClInclude Include="Source\External\MathGeoLib\include\Math\Callstack.h">
      <Filter>Dependences\MathGeoLib\Math</Filter>
    </ClInclude>
    <ClInclude Include="Source\External\MathGeoLib\include\Math\FixedPoint.h">
      <Filter>Dependences\MathGeoLib\Math</Filter>
    </ClInclude>
    <ClInclude Include="Source\External\MathGeoLib\include\Math\float2.h">
      <Filter>Dependences\MathGeoLib\Math</Filter>
    </ClInclude>
    <ClInclude Include="Source\External\MathGeoLib\include\Math\float3.h">
      <Filter>Dependences\MathGeoLib\Math</Filter>
    </ClInclude>
    <ClInclude Include="Source\External\MathGeoLib\include\Math\float3x3.h">
      <Filter>Dependences\MathGeoLib\Math</Filter>
    </ClInclude>
    <ClInclude Include="Source\External\MathGeoLib\include\Math\float3x4.h">
      <Filter>Dependences\MathGeoLib\Math</Filter>
    </ClInclude>
    <ClInclude Include="Source\External\MathGeoLib\include\Math\float4.h">
      <Filter>Dependences\MathGeoLib\Math</Filter>
    </ClInclude>
    <ClInclude Include="Source\External\MathGeoLib\include\Math\float4_neon.h">
      <Filter>Dependences\MathGeoLib\Math</Filter>
    </ClInclude>
    <ClInclude Include="Source\External\MathGeoLib\include\Math\float4_sse.h">
      <Filter>Dependences\MathGeoLib\Math</Filter>
    </ClInclude>
    <ClInclude Include="Source\External\MathGeoLib\include\Math\float4d.h">
      <Filter>Dependences\MathGeoLib\Math</Filter>
    </ClInclude>
    <ClInclude Include="Source\External\MathGeoLib\include\Math\float4x4.h">
      <Filter>Dependences\MathGeoLib\Math</Filter>
    </ClInclude>
    <ClInclude Include="Source\External\MathGeoLib\include\Math\float4x4_neon.h">
      <Filter>Dependences\MathGeoLib\Math</Filter>
    </ClInclude>
    <ClInclude Include="Source\External\MathGeoLib\include\Math\float4x4_sse.h">
      <Filter>Dependences\MathGeoLib\Math</Filter>
    </ClInclude>
    <ClInclude Include="Source\External\MathGeoLib\include\Math\FloatCmp.h">
      <Filter>Dependences\MathGeoLib\Math</Filter>
    </ClInclude>
    <ClInclude Include="Source\External\MathGeoLib\include\Math\grisu3.h">
      <Filter>Dependences\MathGeoLib\Math</Filter>
    </ClInclude>
    <ClInclude Include="Source\External\MathGeoLib\include\Math\InclWindows.h">
      <Filter>Dependences\MathGeoLib\Math</Filter>
    </ClInclude>
    <ClInclude Include="Source\External\MathGeoLib\include\Math\Interpolate.h">
      <Filter>Dependences\MathGeoLib\Math</Filter>
    </ClInclude>
    <ClInclude Include="Source\External\MathGeoLib\include\Math\MathAll.h">
      <Filter>Dependences\MathGeoLib\Math</Filter>
    </ClInclude>
    <ClInclude Include="Source\External\MathGeoLib\include\Math\MathConstants.h">
      <Filter>Dependences\MathGeoLib\Math</Filter>
    </ClInclude>
    <ClInclude Include="Source\External\MathGeoLib\include\Math\MathFunc.h">
      <Filter>Dependences\MathGeoLib\Math</Filter>
    </ClInclude>
    <ClInclude Include="Source\External\MathGeoLib\include\Math\MathLog.h">
      <Filter>Dependences\MathGeoLib\Math</Filter>
    </ClInclude>
    <ClInclude Include="Source\External\MathGeoLib\include\Math\MathNamespace.h">
      <Filter>Dependences\MathGeoLib\Math</Filter>
    </ClInclude>
    <ClInclude Include="Source\External\MathGeoLib\include\Math\MathTypes.h">
      <Filter>Dependences\MathGeoLib\Math</Filter>
    </ClInclude>
    <ClInclude Include="Source\External\MathGeoLib\include\Math\MatrixProxy.h">
      <Filter>Dependences\MathGeoLib\Math</Filter>
    </ClInclude>
    <ClInclude Include="Source\External\MathGeoLib\include\Math\MiniFloat.h">
      <Filter>Dependences\MathGeoLib\Math</Filter>
    </ClInclude>
    <ClInclude Include="Source\External\MathGeoLib\include\Math\MultiLineMacro.h">
      <Filter>Dependences\MathGeoLib\Math</Filter>
    </ClInclude>
    <ClInclude Include="Source\External\MathGeoLib\include\Math\myassert.h">
      <Filter>Dependences\MathGeoLib\Math</Filter>
    </ClInclude>
    <ClInclude Include="Source\External\MathGeoLib\include\Math\Polynomial.h">
      <Filter>Dependences\MathGeoLib\Math</Filter>
    </ClInclude>
    <ClInclude Include="Source\External\MathGeoLib\include\Math\Quat.h">
      <Filter>Dependences\MathGeoLib\Math</Filter>
    </ClInclude>
    <ClInclude Include="Source\External\MathGeoLib\include\Math\quat_simd.h">
      <Filter>Dependences\MathGeoLib\Math</Filter>
    </ClInclude>
    <ClInclude Include="Source\External\MathGeoLib\include\Math\Rect.h">
      <Filter>Dependences\MathGeoLib\Math</Filter>
    </ClInclude>
    <ClInclude Include="Source\External\MathGeoLib\include\Math\Reinterpret.h">
      <Filter>Dependences\MathGeoLib\Math</Filter>
    </ClInclude>
    <ClInclude Include="Source\External\MathGeoLib\include\Math\simd.h">
      <Filter>Dependences\MathGeoLib\Math</Filter>
    </ClInclude>
    <ClInclude Include="Source\External\MathGeoLib\include\Math\sse_mathfun.h">
      <Filter>Dependences\MathGeoLib\Math</Filter>
    </ClInclude>
    <ClInclude Include="Source\External\MathGeoLib\include\Math\SSEMath.h">
      <Filter>Dependences\MathGeoLib\Math</Filter>
    </ClInclude>
    <ClInclude Include="Source\External\MathGeoLib\include\Math\Swap.h">
      <Filter>Dependences\MathGeoLib\Math</Filter>
    </ClInclude>
    <ClInclude Include="Source\External\MathGeoLib\include\Math\TransformOps.h">
      <Filter>Dependences\MathGeoLib\Math</Filter>
    </ClInclude>
    <ClInclude Include="Source\External\MathGeoLib\include\Math\vec2d.h">
      <Filter>Dependences\MathGeoLib\Math</Filter>
    </ClInclude>
    <ClInclude Include="Source\External\MathGeoLib\include\Geometry\AABB.h">
      <Filter>Dependences\MathGeoLib\Geometry</Filter>
    </ClInclude>
    <ClInclude Include="Source\External\MathGeoLib\include\Geometry\AABB2D.h">
      <Filter>Dependences\MathGeoLib\Geometry</Filter>
    </ClInclude>
    <ClInclude Include="Source\External\MathGeoLib\include\Geometry\Capsule.h">
      <Filter>Dependences\MathGeoLib\Geometry</Filter>
    </ClInclude>
    <ClInclude Include="Source\External\MathGeoLib\include\Geometry\Circle.h">
      <Filter>Dependences\MathGeoLib\Geometry</Filter>
    </ClInclude>
    <ClInclude Include="Source\External\MathGeoLib\include\Geometry\Circle2D.h">
      <Filter>Dependences\MathGeoLib\Geometry</Filter>
    </ClInclude>
    <ClInclude Include="Source\External\MathGeoLib\include\Geometry\Frustum.h">
      <Filter>Dependences\MathGeoLib\Geometry</Filter>
    </ClInclude>
    <ClInclude Include="Source\External\MathGeoLib\include\Geometry\GeometryAll.h">
      <Filter>Dependences\MathGeoLib\Geometry</Filter>
    </ClInclude>
    <ClInclude Include="Source\External\MathGeoLib\include\Geometry\GeomType.h">
      <Filter>Dependences\MathGeoLib\Geometry</Filter>
    </ClInclude>
    <ClInclude Include="Source\External\MathGeoLib\include\Geometry\HitInfo.h">
      <Filter>Dependences\MathGeoLib\Geometry</Filter>
    </ClInclude>
    <ClInclude Include="Source\External\MathGeoLib\include\Geometry\KDTree.h">
      <Filter>Dependences\MathGeoLib\Geometry</Filter>
    </ClInclude>
    <ClInclude Include="Source\External\MathGeoLib\include\Geometry\Line.h">
      <Filter>Dependences\MathGeoLib\Geometry</Filter>
    </ClInclude>
    <ClInclude Include="Source\External\MathGeoLib\include\Geometry\LineSegment.h">
      <Filter>Dependences\MathGeoLib\Geometry</Filter>
    </ClInclude>
    <ClInclude Include="Source\External\MathGeoLib\include\Geometry\LineSegment2D.h">
      <Filter>Dependences\MathGeoLib\Geometry</Filter>
    </ClInclude>
    <ClInclude Include="Source\External\MathGeoLib\include\Geometry\OBB.h">
      <Filter>Dependences\MathGeoLib\Geometry</Filter>
    </ClInclude>
    <ClInclude Include="Source\External\MathGeoLib\include\Geometry\OBB2D.h">
      <Filter>Dependences\MathGeoLib\Geometry</Filter>
    </ClInclude>
    <ClInclude Include="Source\External\MathGeoLib\include\Geometry\PBVolume.h">
      <Filter>Dependences\MathGeoLib\Geometry</Filter>
    </ClInclude>
    <ClInclude Include="Source\External\MathGeoLib\include\Geometry\Plane.h">
      <Filter>Dependences\MathGeoLib\Geometry</Filter>
    </ClInclude>
    <ClInclude Include="Source\External\MathGeoLib\include\Geometry\Polygon.h">
      <Filter>Dependences\MathGeoLib\Geometry</Filter>
    </ClInclude>
    <ClInclude Include="Source\External\MathGeoLib\include\Geometry\Polygon2DRef.h">
      <Filter>Dependences\MathGeoLib\Geometry</Filter>
    </ClInclude>
    <ClInclude Include="Source\External\MathGeoLib\include\Geometry\Polyhedron.h">
      <Filter>Dependences\MathGeoLib\Geometry</Filter>
    </ClInclude>
    <ClInclude Include="Source\External\MathGeoLib\include\Geometry\QuadTree.h">
      <Filter>Dependences\MathGeoLib\Geometry</Filter>
    </ClInclude>
    <ClInclude Include="Source\External\MathGeoLib\include\Geometry\Ray.h">
      <Filter>Dependences\MathGeoLib\Geometry</Filter>
    </ClInclude>
    <ClInclude Include="Source\External\MathGeoLib\include\Geometry\Sphere.h">
      <Filter>Dependences\MathGeoLib\Geometry</Filter>
    </ClInclude>
    <ClInclude Include="Source\External\MathGeoLib\include\Geometry\Triangle.h">
      <Filter>Dependences\MathGeoLib\Geometry</Filter>
    </ClInclude>
    <ClInclude Include="Source\External\MathGeoLib\include\Geometry\Triangle2D.h">
      <Filter>Dependences\MathGeoLib\Geometry</Filter>
    </ClInclude>
    <ClInclude Include="Source\External\MathGeoLib\include\Geometry\TriangleMesh.h">
      <Filter>Dependences\MathGeoLib\Geometry</Filter>
    </ClInclude>
    <ClInclude Include="Source\External\MathGeoLib\include\Time\Clock.h">
      <Filter>Dependences\MathGeoLib\Time</Filter>
    </ClInclude>
    <ClInclude Include="Source\External\ImGui\include\imconfig.h">
      <Filter>Dependences\ImGui</Filter>
    </ClInclude>
    <ClInclude Include="Source\External\ImGui\include\imgui.h">
      <Filter>Dependences\ImGui</Filter>
    </ClInclude>
    <ClInclude Include="Source\External\ImGui\include\imgui_impl_opengl3.h">
      <Filter>Dependences\ImGui</Filter>
    </ClInclude>
    <ClInclude Include="Source\External\ImGui\include\imgui_impl_opengl3_loader.h">
      <Filter>Dependences\ImGui</Filter>
    </ClInclude>
    <ClInclude Include="Source\External\ImGui\include\imgui_impl_sdl.h">
      <Filter>Dependences\ImGui</Filter>
    </ClInclude>
    <ClInclude Include="Source\External\ImGui\include\imgui_internal.h">
      <Filter>Dependences\ImGui</Filter>
    </ClInclude>
    <ClInclude Include="Source\External\ImGui\include\imstb_rectpack.h">
      <Filter>Dependences\ImGui</Filter>
    </ClInclude>
    <ClInclude Include="Source\External\ImGui\include\imstb_textedit.h">
      <Filter>Dependences\ImGui</Filter>
    </ClInclude>
    <ClInclude Include="Source\External\ImGui\include\imstb_truetype.h">
      <Filter>Dependences\ImGui</Filter>
    </ClInclude>
    <ClInclude Include="Source\Application.h">
      <Filter>Sources\0. Core</Filter>
    </ClInclude>
    <ClInclude Include="Source\Globals.h">
      <Filter>Sources\0. Core</Filter>
    </ClInclude>
    <ClInclude Include="Source\Editor.h">
      <Filter>Sources\2. Editor</Filter>
    </ClInclude>
    <ClInclude Include="Source\OpenGL.h">
      <Filter>Sources\Tools\Includes</Filter>
    </ClInclude>
    <ClInclude Include="Source\E_TestPanel.h">
      <Filter>Sources\2. Editor</Filter>
    </ClInclude>
    <ClInclude Include="Source\E_MainMenuBar.h">
      <Filter>Sources\2. Editor</Filter>
    </ClInclude>
    <ClInclude Include="Source\E_Configuration.h">
      <Filter>Sources\2. Editor</Filter>
    </ClInclude>
    <ClInclude Include="Source\E_Console.h">
      <Filter>Sources\2. Editor</Filter>
    </ClInclude>
    <ClInclude Include="Source\External\parson\include\parson.h">
      <Filter>Dependences\parson</Filter>
    </ClInclude>
    <ClInclude Include="Source\Config.h">
      <Filter>Sources\Containers</Filter>
    </ClInclude>
    <ClInclude Include="Source\E_About.h">
      <Filter>Sources\2. Editor</Filter>
    </ClInclude>
    <ClInclude Include="Source\I_Scene.h">
      <Filter>Sources\3. Importers</Filter>
    </ClInclude>
    <ClInclude Include="Source\I_Mesh.h">
      <Filter>Sources\3. Importers</Filter>
    </ClInclude>
    <ClInclude Include="Source\ModuleFileSystem.h">
      <Filter>Sources\1. Modules</Filter>
    </ClInclude>
    <ClInclude Include="Source\PathNode.h">
      <Filter>Sources\Containers</Filter>
    </ClInclude>
    <ClInclude Include="Source\External\DevIL\include\config.h">
      <Filter>Dependences\DevIL</Filter>
    </ClInclude>
    <ClInclude Include="Source\External\DevIL\include\devil_internal_exports.h">
      <Filter>Dependences\DevIL</Filter>
    </ClInclude>
    <ClInclude Include="Source\External\DevIL\include\il.h">
      <Filter>Dependences\DevIL</Filter>
    </ClInclude>
    <ClInclude Include="Source\External\DevIL\include\il_wrap.h">
      <Filter>Dependences\DevIL</Filter>
    </ClInclude>
    <ClInclude Include="Source\External\DevIL\include\ilu.h">
      <Filter>Dependences\DevIL</Filter>
    </ClInclude>
    <ClInclude Include="Source\External\DevIL\include\ilu_region.h">
      <Filter>Dependences\DevIL</Filter>
    </ClInclude>
    <ClInclude Include="Source\External\DevIL\include\ilut.h">
      <Filter>Dependences\DevIL</Filter>
    </ClInclude>
    <ClInclude Include="Source\External\DevIL\include\ilut_config.h">
      <Filter>Dependences\DevIL</Filter>
    </ClInclude>
  </ItemGroup>
  <ItemGroup>
    <ClCompile Include="Source\log.cpp">
      <Filter>Sources\Tools</Filter>
    </ClCompile>
    <ClCompile Include="Source\Timer.cpp">
      <Filter>Sources\Tools</Filter>
    </ClCompile>
    <ClCompile Include="Source\ModuleSceneIntro.cpp">
      <Filter>Sources\1. Modules\Game</Filter>
    </ClCompile>
    <ClCompile Include="Source\ModuleCamera3D.cpp">
      <Filter>Sources\1. Modules</Filter>
    </ClCompile>
    <ClCompile Include="Source\ModuleInput.cpp">
      <Filter>Sources\1. Modules</Filter>
    </ClCompile>
    <ClCompile Include="Source\ModuleRenderer3D.cpp">
      <Filter>Sources\1. Modules</Filter>
    </ClCompile>
    <ClCompile Include="Source\ModuleWindow.cpp">
      <Filter>Sources\1. Modules</Filter>
    </ClCompile>
    <ClCompile Include="Source\Light.cpp">
      <Filter>Sources\Helpers</Filter>
    </ClCompile>
    <ClCompile Include="Source\Primitive.cpp">
      <Filter>Sources\Helpers</Filter>
    </ClCompile>
    <ClCompile Include="Source\Color.cpp">
      <Filter>Sources\Containers</Filter>
    </ClCompile>
    <ClCompile Include="Source\glmath.cpp">
      <Filter>Sources\Containers</Filter>
    </ClCompile>
    <ClCompile Include="Source\ModuleEditor.cpp">
      <Filter>Sources\1. Modules</Filter>
    </ClCompile>
    <ClCompile Include="Source\External\MathGeoLib\include\Algorithm\GJK.cpp">
      <Filter>Dependences\MathGeoLib\Algorithm</Filter>
    </ClCompile>
    <ClCompile Include="Source\External\MathGeoLib\include\Algorithm\GJK2D.cpp">
      <Filter>Dependences\MathGeoLib\Algorithm</Filter>
    </ClCompile>
    <ClCompile Include="Source\External\MathGeoLib\include\Algorithm\SAT.cpp">
      <Filter>Dependences\MathGeoLib\Algorithm</Filter>
    </ClCompile>
    <ClCompile Include="Source\External\MathGeoLib\include\Algorithm\Random\LCG.cpp">
      <Filter>Dependences\MathGeoLib\Algorithm\Random</Filter>
    </ClCompile>
    <ClCompile Include="Source\External\MathGeoLib\include\Math\BitOps.cpp">
      <Filter>Dependences\MathGeoLib\Math</Filter>
    </ClCompile>
    <ClCompile Include="Source\External\MathGeoLib\include\Math\Callstack.cpp">
      <Filter>Dependences\MathGeoLib\Math</Filter>
    </ClCompile>
    <ClCompile Include="Source\External\MathGeoLib\include\Math\float2.cpp">
      <Filter>Dependences\MathGeoLib\Math</Filter>
    </ClCompile>
    <ClCompile Include="Source\External\MathGeoLib\include\Math\float3.cpp">
      <Filter>Dependences\MathGeoLib\Math</Filter>
    </ClCompile>
    <ClCompile Include="Source\External\MathGeoLib\include\Math\float3x3.cpp">
      <Filter>Dependences\MathGeoLib\Math</Filter>
    </ClCompile>
    <ClCompile Include="Source\External\MathGeoLib\include\Math\float3x4.cpp">
      <Filter>Dependences\MathGeoLib\Math</Filter>
    </ClCompile>
    <ClCompile Include="Source\External\MathGeoLib\include\Math\float4.cpp">
      <Filter>Dependences\MathGeoLib\Math</Filter>
    </ClCompile>
    <ClCompile Include="Source\External\MathGeoLib\include\Math\float4d.cpp">
      <Filter>Dependences\MathGeoLib\Math</Filter>
    </ClCompile>
    <ClCompile Include="Source\External\MathGeoLib\include\Math\float4x4.cpp">
      <Filter>Dependences\MathGeoLib\Math</Filter>
    </ClCompile>
    <ClCompile Include="Source\External\MathGeoLib\include\Math\grisu3.c">
      <Filter>Dependences\MathGeoLib\Math</Filter>
    </ClCompile>
    <ClCompile Include="Source\External\MathGeoLib\include\Math\grisu3_cpp.cpp">
      <Filter>Dependences\MathGeoLib\Math</Filter>
    </ClCompile>
    <ClCompile Include="Source\External\MathGeoLib\include\Math\MathFunc.cpp">
      <Filter>Dependences\MathGeoLib\Math</Filter>
    </ClCompile>
    <ClCompile Include="Source\External\MathGeoLib\include\Math\MathLog.cpp">
      <Filter>Dependences\MathGeoLib\Math</Filter>
    </ClCompile>
    <ClCompile Include="Source\External\MathGeoLib\include\Math\MathOps.cpp">
      <Filter>Dependences\MathGeoLib\Math</Filter>
    </ClCompile>
    <ClCompile Include="Source\External\MathGeoLib\include\Math\MiniFloat.cpp">
      <Filter>Dependences\MathGeoLib\Math</Filter>
    </ClCompile>
    <ClCompile Include="Source\External\MathGeoLib\include\Math\Polynomial.cpp">
      <Filter>Dependences\MathGeoLib\Math</Filter>
    </ClCompile>
    <ClCompile Include="Source\External\MathGeoLib\include\Math\Quat.cpp">
      <Filter>Dependences\MathGeoLib\Math</Filter>
    </ClCompile>
    <ClCompile Include="Source\External\MathGeoLib\include\Math\SSEMath.cpp">
      <Filter>Dependences\MathGeoLib\Math</Filter>
    </ClCompile>
    <ClCompile Include="Source\External\MathGeoLib\include\Math\TransformOps.cpp">
      <Filter>Dependences\MathGeoLib\Math</Filter>
    </ClCompile>
    <ClCompile Include="Source\External\MathGeoLib\include\Geometry\AABB.cpp">
      <Filter>Dependences\MathGeoLib\Geometry</Filter>
    </ClCompile>
    <ClCompile Include="Source\External\MathGeoLib\include\Geometry\Capsule.cpp">
      <Filter>Dependences\MathGeoLib\Geometry</Filter>
    </ClCompile>
    <ClCompile Include="Source\External\MathGeoLib\include\Geometry\Circle.cpp">
      <Filter>Dependences\MathGeoLib\Geometry</Filter>
    </ClCompile>
    <ClCompile Include="Source\External\MathGeoLib\include\Geometry\Circle2D.cpp">
      <Filter>Dependences\MathGeoLib\Geometry</Filter>
    </ClCompile>
    <ClCompile Include="Source\External\MathGeoLib\include\Geometry\Frustum.cpp">
      <Filter>Dependences\MathGeoLib\Geometry</Filter>
    </ClCompile>
    <ClCompile Include="Source\External\MathGeoLib\include\Geometry\Line.cpp">
      <Filter>Dependences\MathGeoLib\Geometry</Filter>
    </ClCompile>
    <ClCompile Include="Source\External\MathGeoLib\include\Geometry\LineSegment.cpp">
      <Filter>Dependences\MathGeoLib\Geometry</Filter>
    </ClCompile>
    <ClCompile Include="Source\External\MathGeoLib\include\Geometry\LineSegment2D.cpp">
      <Filter>Dependences\MathGeoLib\Geometry</Filter>
    </ClCompile>
    <ClCompile Include="Source\External\MathGeoLib\include\Geometry\OBB.cpp">
      <Filter>Dependences\MathGeoLib\Geometry</Filter>
    </ClCompile>
    <ClCompile Include="Source\External\MathGeoLib\include\Geometry\PBVolume.cpp">
      <Filter>Dependences\MathGeoLib\Geometry</Filter>
    </ClCompile>
    <ClCompile Include="Source\External\MathGeoLib\include\Geometry\Plane.cpp">
      <Filter>Dependences\MathGeoLib\Geometry</Filter>
    </ClCompile>
    <ClCompile Include="Source\External\MathGeoLib\include\Geometry\Polygon.cpp">
      <Filter>Dependences\MathGeoLib\Geometry</Filter>
    </ClCompile>
    <ClCompile Include="Source\External\MathGeoLib\include\Geometry\Polyhedron.cpp">
      <Filter>Dependences\MathGeoLib\Geometry</Filter>
    </ClCompile>
    <ClCompile Include="Source\External\MathGeoLib\include\Geometry\Ray.cpp">
      <Filter>Dependences\MathGeoLib\Geometry</Filter>
    </ClCompile>
    <ClCompile Include="Source\External\MathGeoLib\include\Geometry\Sphere.cpp">
      <Filter>Dependences\MathGeoLib\Geometry</Filter>
    </ClCompile>
    <ClCompile Include="Source\External\MathGeoLib\include\Geometry\Triangle.cpp">
      <Filter>Dependences\MathGeoLib\Geometry</Filter>
    </ClCompile>
    <ClCompile Include="Source\External\MathGeoLib\include\Geometry\Triangle2D.cpp">
      <Filter>Dependences\MathGeoLib\Geometry</Filter>
    </ClCompile>
    <ClCompile Include="Source\External\MathGeoLib\include\Geometry\TriangleMesh.cpp">
      <Filter>Dependences\MathGeoLib\Geometry</Filter>
    </ClCompile>
    <ClCompile Include="Source\External\MathGeoLib\include\Time\Clock.cpp">
      <Filter>Dependences\MathGeoLib\Time</Filter>
    </ClCompile>
    <ClCompile Include="Source\External\ImGui\include\imgui.cpp">
      <Filter>Dependences\ImGui</Filter>
    </ClCompile>
    <ClCompile Include="Source\External\ImGui\include\imgui_demo.cpp">
      <Filter>Dependences\ImGui</Filter>
    </ClCompile>
    <ClCompile Include="Source\External\ImGui\include\imgui_draw.cpp">
      <Filter>Dependences\ImGui</Filter>
    </ClCompile>
    <ClCompile Include="Source\External\ImGui\include\imgui_impl_opengl3.cpp">
      <Filter>Dependences\ImGui</Filter>
    </ClCompile>
    <ClCompile Include="Source\External\ImGui\include\imgui_impl_sdl.cpp">
      <Filter>Dependences\ImGui</Filter>
    </ClCompile>
    <ClCompile Include="Source\External\ImGui\include\imgui_tables.cpp">
      <Filter>Dependences\ImGui</Filter>
    </ClCompile>
    <ClCompile Include="Source\External\ImGui\include\imgui_widgets.cpp">
      <Filter>Dependences\ImGui</Filter>
    </ClCompile>
    <ClCompile Include="Source\Application.cpp">
      <Filter>Sources\0. Core</Filter>
    </ClCompile>
    <ClCompile Include="Source\Main.cpp">
      <Filter>Sources\0. Core</Filter>
    </ClCompile>
    <ClCompile Include="Source\E_TestPanel.cpp">
      <Filter>Sources\2. Editor</Filter>
    </ClCompile>
    <ClCompile Include="Source\E_MainMenuBar.cpp">
      <Filter>Sources\2. Editor</Filter>
    </ClCompile>
    <ClCompile Include="Source\E_Configuration.cpp">
      <Filter>Sources\2. Editor</Filter>
    </ClCompile>
    <ClCompile Include="Source\E_Console.cpp">
      <Filter>Sources\2. Editor</Filter>
    </ClCompile>
    <ClCompile Include="Source\External\parson\include\parson.c">
      <Filter>Dependences\parson</Filter>
    </ClCompile>
    <ClCompile Include="Source\Config.cpp">
      <Filter>Sources\Containers</Filter>
    </ClCompile>
    <ClCompile Include="Source\E_About.cpp">
      <Filter>Sources\2. Editor</Filter>
    </ClCompile>
    <ClCompile Include="Source\I_Scene.cpp">
      <Filter>Sources\3. Importers</Filter>
    </ClCompile>
    <ClCompile Include="Source\I_Mesh.cpp">
      <Filter>Sources\3. Importers</Filter>
    </ClCompile>
    <ClCompile Include="Source\ModuleFileSystem.cpp">
      <Filter>Sources\1. Modules</Filter>
    </ClCompile>
  </ItemGroup>
  <ItemGroup>
    <None Include="Source\External\MathGeoLib\include\Math\float2.inl">
      <Filter>Dependences\MathGeoLib\Math</Filter>
    </None>
    <None Include="Source\External\MathGeoLib\include\Math\Matrix.inl">
      <Filter>Dependences\MathGeoLib\Math</Filter>
    </None>
    <None Include="Source\External\MathGeoLib\include\Geometry\KDTree.inl">
      <Filter>Dependences\MathGeoLib\Geometry</Filter>
    </None>
    <None Include="Source\External\MathGeoLib\include\Geometry\QuadTree.inl">
      <Filter>Dependences\MathGeoLib\Geometry</Filter>
    </None>
    <None Include="Source\External\DevIL\include\config.h.win">
      <Filter>Dependences\DevIL</Filter>
    </None>
  </ItemGroup>
</Project>